
Microsoft Visual Studio Solution File, Format Version 12.00
# Visual Studio Version 16
VisualStudioVersion = 16.0.30104.148
MinimumVisualStudioVersion = 15.0.26124.0
Project("{9A19103F-16F7-4668-BE54-9A1E7A4F7556}") = "SampleDuoApis.FooApi", "SampleDuoApis.FooApi\SampleDuoApis.FooApi.csproj", "{B5F1316C-EC75-4BD3-8D05-3ED2EE38C9BB}"
EndProject
Project("{9A19103F-16F7-4668-BE54-9A1E7A4F7556}") = "SampleDuoApis.BarApi", "SampleDuoApis.BarApi\SampleDuoApis.BarApi.csproj", "{D4131C7E-4E15-4BBF-A8B2-A5E4F75A0426}"
EndProject
Project("{9A19103F-16F7-4668-BE54-9A1E7A4F7556}") = "SampleDuoApis.FooApi.Tests", "SampleDuoApis.FooApi.Tests\SampleDuoApis.FooApi.Tests.csproj", "{E2C37F50-89BB-4C9C-B175-80A91480492A}"
EndProject
Global
	GlobalSection(SolutionConfigurationPlatforms) = preSolution
		Debug|Any CPU = Debug|Any CPU
		Debug|x64 = Debug|x64
		Debug|x86 = Debug|x86
		Release|Any CPU = Release|Any CPU
		Release|x64 = Release|x64
		Release|x86 = Release|x86
	EndGlobalSection
	GlobalSection(ProjectConfigurationPlatforms) = postSolution
		{B5F1316C-EC75-4BD3-8D05-3ED2EE38C9BB}.Debug|Any CPU.ActiveCfg = Debug|Any CPU
		{B5F1316C-EC75-4BD3-8D05-3ED2EE38C9BB}.Debug|Any CPU.Build.0 = Debug|Any CPU
		{B5F1316C-EC75-4BD3-8D05-3ED2EE38C9BB}.Debug|x64.ActiveCfg = Debug|Any CPU
		{B5F1316C-EC75-4BD3-8D05-3ED2EE38C9BB}.Debug|x64.Build.0 = Debug|Any CPU
		{B5F1316C-EC75-4BD3-8D05-3ED2EE38C9BB}.Debug|x86.ActiveCfg = Debug|Any CPU
		{B5F1316C-EC75-4BD3-8D05-3ED2EE38C9BB}.Debug|x86.Build.0 = Debug|Any CPU
		{B5F1316C-EC75-4BD3-8D05-3ED2EE38C9BB}.Release|Any CPU.ActiveCfg = Release|Any CPU
		{B5F1316C-EC75-4BD3-8D05-3ED2EE38C9BB}.Release|Any CPU.Build.0 = Release|Any CPU
		{B5F1316C-EC75-4BD3-8D05-3ED2EE38C9BB}.Release|x64.ActiveCfg = Release|Any CPU
		{B5F1316C-EC75-4BD3-8D05-3ED2EE38C9BB}.Release|x64.Build.0 = Release|Any CPU
		{B5F1316C-EC75-4BD3-8D05-3ED2EE38C9BB}.Release|x86.ActiveCfg = Release|Any CPU
		{B5F1316C-EC75-4BD3-8D05-3ED2EE38C9BB}.Release|x86.Build.0 = Release|Any CPU
		{D4131C7E-4E15-4BBF-A8B2-A5E4F75A0426}.Debug|Any CPU.ActiveCfg = Debug|Any CPU
		{D4131C7E-4E15-4BBF-A8B2-A5E4F75A0426}.Debug|Any CPU.Build.0 = Debug|Any CPU
		{D4131C7E-4E15-4BBF-A8B2-A5E4F75A0426}.Debug|x64.ActiveCfg = Debug|Any CPU
		{D4131C7E-4E15-4BBF-A8B2-A5E4F75A0426}.Debug|x64.Build.0 = Debug|Any CPU
		{D4131C7E-4E15-4BBF-A8B2-A5E4F75A0426}.Debug|x86.ActiveCfg = Debug|Any CPU
		{D4131C7E-4E15-4BBF-A8B2-A5E4F75A0426}.Debug|x86.Build.0 = Debug|Any CPU
		{D4131C7E-4E15-4BBF-A8B2-A5E4F75A0426}.Release|Any CPU.ActiveCfg = Release|Any CPU
		{D4131C7E-4E15-4BBF-A8B2-A5E4F75A0426}.Release|Any CPU.Build.0 = Release|Any CPU
		{D4131C7E-4E15-4BBF-A8B2-A5E4F75A0426}.Release|x64.ActiveCfg = Release|Any CPU
		{D4131C7E-4E15-4BBF-A8B2-A5E4F75A0426}.Release|x64.Build.0 = Release|Any CPU
		{D4131C7E-4E15-4BBF-A8B2-A5E4F75A0426}.Release|x86.ActiveCfg = Release|Any CPU
		{D4131C7E-4E15-4BBF-A8B2-A5E4F75A0426}.Release|x86.Build.0 = Release|Any CPU
		{E2C37F50-89BB-4C9C-B175-80A91480492A}.Debug|Any CPU.ActiveCfg = Debug|Any CPU
		{E2C37F50-89BB-4C9C-B175-80A91480492A}.Debug|Any CPU.Build.0 = Debug|Any CPU
		{E2C37F50-89BB-4C9C-B175-80A91480492A}.Debug|x64.ActiveCfg = Debug|Any CPU
		{E2C37F50-89BB-4C9C-B175-80A91480492A}.Debug|x64.Build.0 = Debug|Any CPU
		{E2C37F50-89BB-4C9C-B175-80A91480492A}.Debug|x86.ActiveCfg = Debug|Any CPU
		{E2C37F50-89BB-4C9C-B175-80A91480492A}.Debug|x86.Build.0 = Debug|Any CPU
		{E2C37F50-89BB-4C9C-B175-80A91480492A}.Release|Any CPU.ActiveCfg = Release|Any CPU
		{E2C37F50-89BB-4C9C-B175-80A91480492A}.Release|Any CPU.Build.0 = Release|Any CPU
		{E2C37F50-89BB-4C9C-B175-80A91480492A}.Release|x64.ActiveCfg = Release|Any CPU
		{E2C37F50-89BB-4C9C-B175-80A91480492A}.Release|x64.Build.0 = Release|Any CPU
		{E2C37F50-89BB-4C9C-B175-80A91480492A}.Release|x86.ActiveCfg = Release|Any CPU
		{E2C37F50-89BB-4C9C-B175-80A91480492A}.Release|x86.Build.0 = Release|Any CPU
	EndGlobalSection
	GlobalSection(SolutionProperties) = preSolution
		HideSolutionNode = FALSE
	EndGlobalSection
	GlobalSection(ExtensibilityGlobals) = postSolution
		SolutionGuid = {E6D6FA81-F2DD-45DE-A949-29D5C5F086D5}
	EndGlobalSection
EndGlobal
